PODS:
  - SnapKit (5.6.0)
  - SnapUI (1.2.0):
    - SnapKit (~> 5.6.0)
  - UIKitExtra (1.0.0)

DEPENDENCIES:
  - SnapUI (from `../`)
  - UIKitExtra

SPEC REPOS:
  trunk:
    - SnapKit
    - UIKitExtra

EXTERNAL SOURCES:
  SnapUI:
    :path: "../"

SPEC CHECKSUMS:
  SnapKit: e01d52ebb8ddbc333eefe2132acf85c8227d9c25
  SnapUI: bd5fb76301644c071b140f5d0345130657a81eb4
  UIKitExtra: bde0f57981b093dd9dd6cccbcf9a42bab7e46367

PODFILE CHECKSUM: ea493b1840b837b1cc2e8d360e9bf3bd7efd8c2b

COCOAPODS: 1.14.3
