PODS:
  - SnapKit (5.6.0)
  - SnapUI (1.0.0):
    - SnapKit (~> 5.6.0)
  - SystemExtension (1.1.0)

DEPENDENCIES:
  - SnapUI (from `../`)
  - SystemExtension

SPEC REPOS:
  trunk:
    - SnapKit
    - SystemExtension

EXTERNAL SOURCES:
  SnapUI:
    :path: "../"

SPEC CHECKSUMS:
  SnapKit: e01d52ebb8ddbc333eefe2132acf85c8227d9c25
  SnapUI: b4b9ac4aa0f36b84f1f345df49440b74c07fa87f
  SystemExtension: 745e46e4df6022857745117bf045d9040661a68b

PODFILE CHECKSUM: 6f7f13088a9dc44b2e16cceab7599277247cd2a3

COCOAPODS: 1.14.3
